
Microsoft Visual Studio Solution File, Format Version 12.00
# Visual Studio Version 17
VisualStudioVersion = 17.0.32014.148
MinimumVisualStudioVersion = 10.0.40219.1
Project("{FAE04EC0-301F-11D3-BF4B-00C04F79EFBC}") = "TrueHome", "TrueHome\TrueHome.csproj", "{D6349D67-B100-4E53-9067-A70921385CDA}"
EndProject
Global
	GlobalSection(SolutionConfigurationPlatforms) = preSolution
		Debug|Any CPU = Debug|Any CPU
		Release|Any CPU = Release|Any CPU
	EndGlobalSection
	GlobalSection(ProjectConfigurationPlatforms) = postSolution
		{D6349D67-B100-4E53-9067-A70921385CDA}.Debug|Any CPU.ActiveCfg = Debug|Any CPU
		{D6349D67-B100-4E53-9067-A70921385CDA}.Debug|Any CPU.Build.0 = Debug|Any CPU
		{D6349D67-B100-4E53-9067-A70921385CDA}.Release|Any CPU.ActiveCfg = Release|Any CPU
		{D6349D67-B100-4E53-9067-A70921385CDA}.Release|Any CPU.Build.0 = Release|Any CPU
	EndGlobalSection
	GlobalSection(SolutionProperties) = preSolution
		HideSolutionNode = FALSE
	EndGlobalSection
	GlobalSection(ExtensibilityGlobals) = postSolution
		SolutionGuid = {979CB1A7-2048-4375-ADE5-6F52D51F96B7}
	EndGlobalSection
EndGlobal
